<?xml version="1.0" encoding="utf-8"?>
<Project ToolsVersion="16.0" xmlns="http://schemas.microsoft.com/developer/msbuild/2003">
  <ItemGroup>
    <ClCompile Include="D:\cocos\projects\ECSFramework\Classes\AppDelegate.cpp">
      <Filter>Source Files\Classes</Filter>
    </ClCompile>
    <ClCompile Include="D:\cocos\projects\ECSFramework\proj.win32\main.cpp">
      <Filter>Source Files\proj.win32</Filter>
    </ClCompile>
    <ClCompile Include="D:\cocos\projects\ECSFramework\cocos2d\cocos\precheader.cpp">
      <Filter>Source Files</Filter>
    </ClCompile>
    <ClCompile Include="..\Classes\Layers\HelloWorldLayer.cpp">
      <Filter>Source Files\Classes\Layers</Filter>
    </ClCompile>
    <ClCompile Include="..\Classes\Layers\IntroLayer.cpp">
      <Filter>Source Files\Classes\Layers</Filter>
    </ClCompile>
    <ClCompile Include="..\Classes\Layers\MainLayer.cpp">
      <Filter>Source Files\Classes\Layers</Filter>
    </ClCompile>
    <ClCompile Include="..\Classes\Systems\SystemInputKeyboard.cpp">
      <Filter>Source Files\Classes\Systems</Filter>
    </ClCompile>
    <ClCompile Include="..\Classes\Systems\SystemMovement.cpp">
      <Filter>Source Files\Classes\Systems</Filter>
    </ClCompile>
    <ClCompile Include="..\Classes\Systems\SystemVelocity.cpp">
      <Filter>Source Files\Classes\Systems</Filter>
    </ClCompile>
    <ClCompile Include="..\Classes\Utils\UtilLayer.cpp">
      <Filter>Source Files\Classes\Utils</Filter>
    </ClCompile>
    <ClCompile Include="..\Classes\Utils\UtilSound.cpp">
      <Filter>Source Files\Classes\Utils</Filter>
    </ClCompile>
    <ClCompile Include="..\Classes\FrameworkScene.cpp">
      <Filter>Source Files\Classes</Filter>
    </ClCompile>
  </ItemGroup>
  <ItemGroup>
    <ClInclude Include="D:\cocos\projects\ECSFramework\Classes\AppDelegate.h">
      <Filter>Source Files\Classes</Filter>
    </ClInclude>
    <ClInclude Include="D:\cocos\projects\ECSFramework\proj.win32\main.h">
      <Filter>Source Files\proj.win32</Filter>
    </ClInclude>
    <ClInclude Include="D:\cocos\projects\ECSFramework\proj.win32\resource.h">
      <Filter>Source Files\proj.win32</Filter>
    </ClInclude>
    <ClInclude Include="D:\cocos\projects\ECSFramework\Resources\CloseNormal.png">
      <Filter>Resources</Filter>
    </ClInclude>
    <ClInclude Include="D:\cocos\projects\ECSFramework\Resources\CloseSelected.png">
      <Filter>Resources</Filter>
    </ClInclude>
    <ClInclude Include="D:\cocos\projects\ECSFramework\Resources\HelloWorld.png">
      <Filter>Resources</Filter>
    </ClInclude>
    <ClInclude Include="D:\cocos\projects\ECSFramework\Resources\fonts\Marker Felt.ttf">
      <Filter>Resources\fonts</Filter>
    </ClInclude>
    <ClInclude Include="D:\cocos\projects\ECSFramework\Resources\fonts\arial.ttf">
      <Filter>Resources\fonts</Filter>
    </ClInclude>
    <ClInclude Include="D:\cocos\projects\ECSFramework\Resources\res\.gitkeep">
      <Filter>Resources\res</Filter>
    </ClInclude>
    <ClInclude Include="..\pch.h" />
    <ClInclude Include="..\Classes\Components\ComponentInputBind.h">
      <Filter>Source Files\Classes\Components</Filter>
    </ClInclude>
    <ClInclude Include="..\Classes\Components\ComponentPCH.h">
      <Filter>Source Files\Classes\Components</Filter>
    </ClInclude>
    <ClInclude Include="..\Classes\Components\ComponentPos.h">
      <Filter>Source Files\Classes\Components</Filter>
    </ClInclude>
    <ClInclude Include="..\Classes\Components\ComponentSprite3D.h">
      <Filter>Source Files\Classes\Components</Filter>
    </ClInclude>
    <ClInclude Include="..\Classes\Components\ComponentVelocity.h">
      <Filter>Source Files\Classes\Components</Filter>
    </ClInclude>
    <ClInclude Include="..\Classes\Layers\HelloWorldLayer.h">
      <Filter>Source Files\Classes\Layers</Filter>
    </ClInclude>
    <ClInclude Include="..\Classes\Layers\IntroLayer.h">
      <Filter>Source Files\Classes\Layers</Filter>
    </ClInclude>
    <ClInclude Include="..\Classes\Layers\MainLayer.h">
      <Filter>Source Files\Classes\Layers</Filter>
    </ClInclude>
    <ClInclude Include="..\Classes\Systems\SystemInputKeyboard.h">
      <Filter>Source Files\Classes\Systems</Filter>
    </ClInclude>
    <ClInclude Include="..\Classes\Systems\SystemMovement.h">
      <Filter>Source Files\Classes\Systems</Filter>
    </ClInclude>
    <ClInclude Include="..\Classes\Systems\SystemPCH.h">
      <Filter>Source Files\Classes\Systems</Filter>
    </ClInclude>
    <ClInclude Include="..\Classes\Systems\SystemVelocity.h">
      <Filter>Source Files\Classes\Systems</Filter>
    </ClInclude>
    <ClInclude Include="..\Classes\Utils\UtilLayer.h">
      <Filter>Source Files\Classes\Utils</Filter>
    </ClInclude>
    <ClInclude Include="..\Classes\Utils\UtilPCH.h">
      <Filter>Source Files\Classes\Utils</Filter>
    </ClInclude>
    <ClInclude Include="..\Classes\Utils\UtilSound.h">
      <Filter>Source Files\Classes\Utils</Filter>
    </ClInclude>
    <ClInclude Include="..\Classes\FrameworkScene.h">
      <Filter>Source Files\Classes</Filter>
    </ClInclude>
  </ItemGroup>
  <ItemGroup>
    <CustomBuild Include="D:\cocos\projects\ECSFramework\CMakeLists.txt" />
  </ItemGroup>
  <ItemGroup>
    <ResourceCompile Include="D:\cocos\projects\ECSFramework\proj.win32\game.rc">
      <Filter>Source Files\proj.win32</Filter>
    </ResourceCompile>
  </ItemGroup>
  <ItemGroup>
    <Filter Include="Resources">
      <UniqueIdentifier>{D628E65D-8662-3C5D-8CC9-8CC03AEF2098}</UniqueIdentifier>
    </Filter>
    <Filter Include="Resources\fonts">
      <UniqueIdentifier>{F94DE682-80CC-3D4E-ACF8-02D0B983FBCE}</UniqueIdentifier>
    </Filter>
    <Filter Include="Resources\res">
      <UniqueIdentifier>{7102790E-14E9-3958-95CA-DD7399006762}</UniqueIdentifier>
    </Filter>
    <Filter Include="Source Files">
      <UniqueIdentifier>{4DD1051C-D67A-34CE-AF94-00E62E72400E}</UniqueIdentifier>
    </Filter>
    <Filter Include="Source Files\Classes">
      <UniqueIdentifier>{0BD16882-6BF0-36B9-A44D-1CCACBD0121E}</UniqueIdentifier>
    </Filter>
    <Filter Include="Source Files\proj.win32">
      <UniqueIdentifier>{4AFE3C34-E7A2-39BF-9039-E2E8F3294F4E}</UniqueIdentifier>
    </Filter>
    <Filter Include="Source Files\Classes\Components">
      <UniqueIdentifier>{47f4df02-5042-486e-9a92-d7ac43fd4faa}</UniqueIdentifier>
    </Filter>
    <Filter Include="Source Files\Classes\Layers">
      <UniqueIdentifier>{3113fc68-50a2-4802-91f4-140cbbc56c3e}</UniqueIdentifier>
    </Filter>
    <Filter Include="Source Files\Classes\Systems">
      <UniqueIdentifier>{0f290e87-4a80-4efd-a274-b31c162bcf8e}</UniqueIdentifier>
    </Filter>
    <Filter Include="Source Files\Classes\Utils">
      <UniqueIdentifier>{de8929b6-5ab7-4f04-942e-989a77786d0c}</UniqueIdentifier>
    </Filter>
  </ItemGroup>
  <ItemGroup>
    <None Include="..\.gitignore" />
  </ItemGroup>
</Project>