Microsoft Visual Studio Solution File, Format Version 12.00
# Visual Studio 16
Project("{2150E333-8FDC-42A3-9474-1A3956D46DE8}") = "CMakePredefinedTargets", "CMakePredefinedTargets", "{E8188EFA-4A45-3754-A489-6AF085AE879A}"
EndProject
Project("{2150E333-8FDC-42A3-9474-1A3956D46DE8}") = "External", "External", "{BB4BE72A-96CD-3D56-BEC9-51E38EDFE145}"
EndProject
Project("{2150E333-8FDC-42A3-9474-1A3956D46DE8}") = "Internal", "Internal", "{0C308319-396D-3CC1-A6E9-E7B6A2375C80}"
EndProject
Project("{2150E333-8FDC-42A3-9474-1A3956D46DE8}") = "Utils", "Utils", "{E7213081-D5BB-3778-8153-4339A6B93460}"
EndProject
Project("{8BC9CEB8-8B4A-11D0-8D11-00A0C91BC942}") = "ALL_BUILD", "ALL_BUILD.vcxproj", "{5215B5A0-6CA0-30FE-A625-B83728A0E8E6}"
	ProjectSection(ProjectDependencies) = postProject
		{C93653AF-DF40-3184-84E1-2304838102D0} = {C93653AF-DF40-3184-84E1-2304838102D0}
		{B6ADF6E6-4497-35B4-94A6-B176F85F864E} = {B6ADF6E6-4497-35B4-94A6-B176F85F864E}
		{FC212597-5AE9-3C2F-BCE0-CC21365CC3C3} = {FC212597-5AE9-3C2F-BCE0-CC21365CC3C3}
		{4CB58127-9755-3E1B-96AD-498C9432C70B} = {4CB58127-9755-3E1B-96AD-498C9432C70B}
		{5E9A9A9D-3754-3E23-BE4E-A2923FBE489C} = {5E9A9A9D-3754-3E23-BE4E-A2923FBE489C}
		{BDB069A7-E210-3909-97DB-DA05B55B7D6D} = {BDB069A7-E210-3909-97DB-DA05B55B7D6D}
		{9145AABA-D7E2-3658-BA22-8E22A55E5865} = {9145AABA-D7E2-3658-BA22-8E22A55E5865}
		{21D1781B-0BC7-31E0-8C80-FA9DA0F2DF34} = {21D1781B-0BC7-31E0-8C80-FA9DA0F2DF34}
		{B0973846-C892-37F5-A6F8-E2DE6B857789} = {B0973846-C892-37F5-A6F8-E2DE6B857789}
		{413B79B6-0F04-31A1-A5D9-4D9D11A6B965} = {413B79B6-0F04-31A1-A5D9-4D9D11A6B965}
		{8D6FF8D3-E5C2-3150-9C9A-5E4CA55AA88F} = {8D6FF8D3-E5C2-3150-9C9A-5E4CA55AA88F}
		{A743FEB8-8798-3B9E-BE2E-3493B95D2DA7} = {A743FEB8-8798-3B9E-BE2E-3493B95D2DA7}
		{D3ED089A-8497-3F59-885E-6D687C6959A2} = {D3ED089A-8497-3F59-885E-6D687C6959A2}
		{786DDFF8-D248-3413-99A2-524BE2AB103E} = {786DDFF8-D248-3413-99A2-524BE2AB103E}
		{B40F7D6D-04A1-34F6-8BF1-F401BB734371} = {B40F7D6D-04A1-34F6-8BF1-F401BB734371}
	EndProjectSection
EndProject
Project("{8BC9CEB8-8B4A-11D0-8D11-00A0C91BC942}") = "ECSFramework", "ECSFramework.vcxproj", "{C93653AF-DF40-3184-84E1-2304838102D0}"
	ProjectSection(ProjectDependencies) = postProject
		{B6ADF6E6-4497-35B4-94A6-B176F85F864E} = {B6ADF6E6-4497-35B4-94A6-B176F85F864E}
		{FC212597-5AE9-3C2F-BCE0-CC21365CC3C3} = {FC212597-5AE9-3C2F-BCE0-CC21365CC3C3}
		{4CB58127-9755-3E1B-96AD-498C9432C70B} = {4CB58127-9755-3E1B-96AD-498C9432C70B}
		{5E9A9A9D-3754-3E23-BE4E-A2923FBE489C} = {5E9A9A9D-3754-3E23-BE4E-A2923FBE489C}
		{BDB069A7-E210-3909-97DB-DA05B55B7D6D} = {BDB069A7-E210-3909-97DB-DA05B55B7D6D}
		{9145AABA-D7E2-3658-BA22-8E22A55E5865} = {9145AABA-D7E2-3658-BA22-8E22A55E5865}
		{21D1781B-0BC7-31E0-8C80-FA9DA0F2DF34} = {21D1781B-0BC7-31E0-8C80-FA9DA0F2DF34}
		{B0973846-C892-37F5-A6F8-E2DE6B857789} = {B0973846-C892-37F5-A6F8-E2DE6B857789}
		{413B79B6-0F04-31A1-A5D9-4D9D11A6B965} = {413B79B6-0F04-31A1-A5D9-4D9D11A6B965}
		{8D6FF8D3-E5C2-3150-9C9A-5E4CA55AA88F} = {8D6FF8D3-E5C2-3150-9C9A-5E4CA55AA88F}
		{A743FEB8-8798-3B9E-BE2E-3493B95D2DA7} = {A743FEB8-8798-3B9E-BE2E-3493B95D2DA7}
		{D3ED089A-8497-3F59-885E-6D687C6959A2} = {D3ED089A-8497-3F59-885E-6D687C6959A2}
		{786DDFF8-D248-3413-99A2-524BE2AB103E} = {786DDFF8-D248-3413-99A2-524BE2AB103E}
		{B40F7D6D-04A1-34F6-8BF1-F401BB734371} = {B40F7D6D-04A1-34F6-8BF1-F401BB734371}
	EndProjectSection
EndProject
Project("{8BC9CEB8-8B4A-11D0-8D11-00A0C91BC942}") = "SYNC_RESOURCE-ECSFramework", "SYNC_RESOURCE-ECSFramework.vcxproj", "{B6ADF6E6-4497-35B4-94A6-B176F85F864E}"
	ProjectSection(ProjectDependencies) = postProject
		{FC212597-5AE9-3C2F-BCE0-CC21365CC3C3} = {FC212597-5AE9-3C2F-BCE0-CC21365CC3C3}
	EndProjectSection
EndProject
Project("{8BC9CEB8-8B4A-11D0-8D11-00A0C91BC942}") = "ZERO_CHECK", "ZERO_CHECK.vcxproj", "{FC212597-5AE9-3C2F-BCE0-CC21365CC3C3}"
	ProjectSection(ProjectDependencies) = postProject
	EndProjectSection
EndProject
Project("{8BC9CEB8-8B4A-11D0-8D11-00A0C91BC942}") = "cocos2d", "engine\cocos\core\cocos2d.vcxproj", "{4CB58127-9755-3E1B-96AD-498C9432C70B}"
	ProjectSection(ProjectDependencies) = postProject
		{FC212597-5AE9-3C2F-BCE0-CC21365CC3C3} = {FC212597-5AE9-3C2F-BCE0-CC21365CC3C3}
		{5E9A9A9D-3754-3E23-BE4E-A2923FBE489C} = {5E9A9A9D-3754-3E23-BE4E-A2923FBE489C}
		{BDB069A7-E210-3909-97DB-DA05B55B7D6D} = {BDB069A7-E210-3909-97DB-DA05B55B7D6D}
		{9145AABA-D7E2-3658-BA22-8E22A55E5865} = {9145AABA-D7E2-3658-BA22-8E22A55E5865}
		{21D1781B-0BC7-31E0-8C80-FA9DA0F2DF34} = {21D1781B-0BC7-31E0-8C80-FA9DA0F2DF34}
		{B0973846-C892-37F5-A6F8-E2DE6B857789} = {B0973846-C892-37F5-A6F8-E2DE6B857789}
		{413B79B6-0F04-31A1-A5D9-4D9D11A6B965} = {413B79B6-0F04-31A1-A5D9-4D9D11A6B965}
		{8D6FF8D3-E5C2-3150-9C9A-5E4CA55AA88F} = {8D6FF8D3-E5C2-3150-9C9A-5E4CA55AA88F}
		{A743FEB8-8798-3B9E-BE2E-3493B95D2DA7} = {A743FEB8-8798-3B9E-BE2E-3493B95D2DA7}
		{D3ED089A-8497-3F59-885E-6D687C6959A2} = {D3ED089A-8497-3F59-885E-6D687C6959A2}
		{786DDFF8-D248-3413-99A2-524BE2AB103E} = {786DDFF8-D248-3413-99A2-524BE2AB103E}
		{B40F7D6D-04A1-34F6-8BF1-F401BB734371} = {B40F7D6D-04A1-34F6-8BF1-F401BB734371}
	EndProjectSection
EndProject
Project("{8BC9CEB8-8B4A-11D0-8D11-00A0C91BC942}") = "ext_clipper", "engine\external\clipper\ext_clipper.vcxproj", "{5E9A9A9D-3754-3E23-BE4E-A2923FBE489C}"
	ProjectSection(ProjectDependencies) = postProject
		{FC212597-5AE9-3C2F-BCE0-CC21365CC3C3} = {FC212597-5AE9-3C2F-BCE0-CC21365CC3C3}
	EndProjectSection
EndProject
Project("{8BC9CEB8-8B4A-11D0-8D11-00A0C91BC942}") = "ext_convertUTF", "engine\external\ConvertUTF\ext_convertUTF.vcxproj", "{BDB069A7-E210-3909-97DB-DA05B55B7D6D}"
	ProjectSection(ProjectDependencies) = postProject
		{FC212597-5AE9-3C2F-BCE0-CC21365CC3C3} = {FC212597-5AE9-3C2F-BCE0-CC21365CC3C3}
	EndProjectSection
EndProject
Project("{8BC9CEB8-8B4A-11D0-8D11-00A0C91BC942}") = "ext_edtaa3func", "engine\external\edtaa3func\ext_edtaa3func.vcxproj", "{9145AABA-D7E2-3658-BA22-8E22A55E5865}"
	ProjectSection(ProjectDependencies) = postProject
		{FC212597-5AE9-3C2F-BCE0-CC21365CC3C3} = {FC212597-5AE9-3C2F-BCE0-CC21365CC3C3}
	EndProjectSection
EndProject
Project("{8BC9CEB8-8B4A-11D0-8D11-00A0C91BC942}") = "ext_md5", "engine\external\md5\ext_md5.vcxproj", "{21D1781B-0BC7-31E0-8C80-FA9DA0F2DF34}"
	ProjectSection(ProjectDependencies) = postProject
		{FC212597-5AE9-3C2F-BCE0-CC21365CC3C3} = {FC212597-5AE9-3C2F-BCE0-CC21365CC3C3}
	EndProjectSection
EndProject
Project("{8BC9CEB8-8B4A-11D0-8D11-00A0C91BC942}") = "ext_poly2tri", "engine\external\poly2tri\ext_poly2tri.vcxproj", "{B0973846-C892-37F5-A6F8-E2DE6B857789}"
	ProjectSection(ProjectDependencies) = postProject
		{FC212597-5AE9-3C2F-BCE0-CC21365CC3C3} = {FC212597-5AE9-3C2F-BCE0-CC21365CC3C3}
	EndProjectSection
EndProject
Project("{8BC9CEB8-8B4A-11D0-8D11-00A0C91BC942}") = "ext_recast", "engine\external\recast\ext_recast.vcxproj", "{413B79B6-0F04-31A1-A5D9-4D9D11A6B965}"
	ProjectSection(ProjectDependencies) = postProject
		{FC212597-5AE9-3C2F-BCE0-CC21365CC3C3} = {FC212597-5AE9-3C2F-BCE0-CC21365CC3C3}
	EndProjectSection
EndProject
Project("{8BC9CEB8-8B4A-11D0-8D11-00A0C91BC942}") = "ext_tinyxml2", "engine\external\tinyxml2\ext_tinyxml2.vcxproj", "{8D6FF8D3-E5C2-3150-9C9A-5E4CA55AA88F}"
	ProjectSection(ProjectDependencies) = postProject
		{FC212597-5AE9-3C2F-BCE0-CC21365CC3C3} = {FC212597-5AE9-3C2F-BCE0-CC21365CC3C3}
	EndProjectSection
EndProject
Project("{8BC9CEB8-8B4A-11D0-8D11-00A0C91BC942}") = "ext_unzip", "engine\external\unzip\ext_unzip.vcxproj", "{A743FEB8-8798-3B9E-BE2E-3493B95D2DA7}"
	ProjectSection(ProjectDependencies) = postProject
		{FC212597-5AE9-3C2F-BCE0-CC21365CC3C3} = {FC212597-5AE9-3C2F-BCE0-CC21365CC3C3}
	EndProjectSection
EndProject
Project("{8BC9CEB8-8B4A-11D0-8D11-00A0C91BC942}") = "ext_xxhash", "engine\external\xxhash\ext_xxhash.vcxproj", "{D3ED089A-8497-3F59-885E-6D687C6959A2}"
	ProjectSection(ProjectDependencies) = postProject
		{FC212597-5AE9-3C2F-BCE0-CC21365CC3C3} = {FC212597-5AE9-3C2F-BCE0-CC21365CC3C3}
	EndProjectSection
EndProject
Project("{8BC9CEB8-8B4A-11D0-8D11-00A0C91BC942}") = "ext_xxtea", "engine\external\xxtea\ext_xxtea.vcxproj", "{786DDFF8-D248-3413-99A2-524BE2AB103E}"
	ProjectSection(ProjectDependencies) = postProject
		{FC212597-5AE9-3C2F-BCE0-CC21365CC3C3} = {FC212597-5AE9-3C2F-BCE0-CC21365CC3C3}
	EndProjectSection
EndProject
Project("{8BC9CEB8-8B4A-11D0-8D11-00A0C91BC942}") = "external", "engine\external\external.vcxproj", "{B40F7D6D-04A1-34F6-8BF1-F401BB734371}"
	ProjectSection(ProjectDependencies) = postProject
		{FC212597-5AE9-3C2F-BCE0-CC21365CC3C3} = {FC212597-5AE9-3C2F-BCE0-CC21365CC3C3}
		{5E9A9A9D-3754-3E23-BE4E-A2923FBE489C} = {5E9A9A9D-3754-3E23-BE4E-A2923FBE489C}
		{BDB069A7-E210-3909-97DB-DA05B55B7D6D} = {BDB069A7-E210-3909-97DB-DA05B55B7D6D}
		{9145AABA-D7E2-3658-BA22-8E22A55E5865} = {9145AABA-D7E2-3658-BA22-8E22A55E5865}
		{21D1781B-0BC7-31E0-8C80-FA9DA0F2DF34} = {21D1781B-0BC7-31E0-8C80-FA9DA0F2DF34}
		{B0973846-C892-37F5-A6F8-E2DE6B857789} = {B0973846-C892-37F5-A6F8-E2DE6B857789}
		{413B79B6-0F04-31A1-A5D9-4D9D11A6B965} = {413B79B6-0F04-31A1-A5D9-4D9D11A6B965}
		{8D6FF8D3-E5C2-3150-9C9A-5E4CA55AA88F} = {8D6FF8D3-E5C2-3150-9C9A-5E4CA55AA88F}
		{A743FEB8-8798-3B9E-BE2E-3493B95D2DA7} = {A743FEB8-8798-3B9E-BE2E-3493B95D2DA7}
		{D3ED089A-8497-3F59-885E-6D687C6959A2} = {D3ED089A-8497-3F59-885E-6D687C6959A2}
		{786DDFF8-D248-3413-99A2-524BE2AB103E} = {786DDFF8-D248-3413-99A2-524BE2AB103E}
	EndProjectSection
EndProject
Global
	GlobalSection(SolutionConfigurationPlatforms) = preSolution
		Debug|Win32 = Debug|Win32
		Release|Win32 = Release|Win32
	EndGlobalSection
	GlobalSection(ProjectConfigurationPlatforms) = postSolution
		{5215B5A0-6CA0-30FE-A625-B83728A0E8E6}.Debug|Win32.ActiveCfg = Debug|Win32
		{5215B5A0-6CA0-30FE-A625-B83728A0E8E6}.Release|Win32.ActiveCfg = Release|Win32
		{C93653AF-DF40-3184-84E1-2304838102D0}.Debug|Win32.ActiveCfg = Debug|Win32
		{C93653AF-DF40-3184-84E1-2304838102D0}.Debug|Win32.Build.0 = Debug|Win32
		{C93653AF-DF40-3184-84E1-2304838102D0}.Release|Win32.ActiveCfg = Release|Win32
		{C93653AF-DF40-3184-84E1-2304838102D0}.Release|Win32.Build.0 = Release|Win32
		{B6ADF6E6-4497-35B4-94A6-B176F85F864E}.Debug|Win32.ActiveCfg = Debug|Win32
		{B6ADF6E6-4497-35B4-94A6-B176F85F864E}.Debug|Win32.Build.0 = Debug|Win32
		{B6ADF6E6-4497-35B4-94A6-B176F85F864E}.Release|Win32.ActiveCfg = Release|Win32
		{B6ADF6E6-4497-35B4-94A6-B176F85F864E}.Release|Win32.Build.0 = Release|Win32
		{FC212597-5AE9-3C2F-BCE0-CC21365CC3C3}.Debug|Win32.ActiveCfg = Debug|Win32
		{FC212597-5AE9-3C2F-BCE0-CC21365CC3C3}.Debug|Win32.Build.0 = Debug|Win32
		{FC212597-5AE9-3C2F-BCE0-CC21365CC3C3}.Release|Win32.ActiveCfg = Release|Win32
		{FC212597-5AE9-3C2F-BCE0-CC21365CC3C3}.Release|Win32.Build.0 = Release|Win32
		{4CB58127-9755-3E1B-96AD-498C9432C70B}.Debug|Win32.ActiveCfg = Debug|Win32
		{4CB58127-9755-3E1B-96AD-498C9432C70B}.Debug|Win32.Build.0 = Debug|Win32
		{4CB58127-9755-3E1B-96AD-498C9432C70B}.Release|Win32.ActiveCfg = Release|Win32
		{4CB58127-9755-3E1B-96AD-498C9432C70B}.Release|Win32.Build.0 = Release|Win32
		{5E9A9A9D-3754-3E23-BE4E-A2923FBE489C}.Debug|Win32.ActiveCfg = Debug|Win32
		{5E9A9A9D-3754-3E23-BE4E-A2923FBE489C}.Debug|Win32.Build.0 = Debug|Win32
		{5E9A9A9D-3754-3E23-BE4E-A2923FBE489C}.Release|Win32.ActiveCfg = Release|Win32
		{5E9A9A9D-3754-3E23-BE4E-A2923FBE489C}.Release|Win32.Build.0 = Release|Win32
		{BDB069A7-E210-3909-97DB-DA05B55B7D6D}.Debug|Win32.ActiveCfg = Debug|Win32
		{BDB069A7-E210-3909-97DB-DA05B55B7D6D}.Debug|Win32.Build.0 = Debug|Win32
		{BDB069A7-E210-3909-97DB-DA05B55B7D6D}.Release|Win32.ActiveCfg = Release|Win32
		{BDB069A7-E210-3909-97DB-DA05B55B7D6D}.Release|Win32.Build.0 = Release|Win32
		{9145AABA-D7E2-3658-BA22-8E22A55E5865}.Debug|Win32.ActiveCfg = Debug|Win32
		{9145AABA-D7E2-3658-BA22-8E22A55E5865}.Debug|Win32.Build.0 = Debug|Win32
		{9145AABA-D7E2-3658-BA22-8E22A55E5865}.Release|Win32.ActiveCfg = Release|Win32
		{9145AABA-D7E2-3658-BA22-8E22A55E5865}.Release|Win32.Build.0 = Release|Win32
		{21D1781B-0BC7-31E0-8C80-FA9DA0F2DF34}.Debug|Win32.ActiveCfg = Debug|Win32
		{21D1781B-0BC7-31E0-8C80-FA9DA0F2DF34}.Debug|Win32.Build.0 = Debug|Win32
		{21D1781B-0BC7-31E0-8C80-FA9DA0F2DF34}.Release|Win32.ActiveCfg = Release|Win32
		{21D1781B-0BC7-31E0-8C80-FA9DA0F2DF34}.Release|Win32.Build.0 = Release|Win32
		{B0973846-C892-37F5-A6F8-E2DE6B857789}.Debug|Win32.ActiveCfg = Debug|Win32
		{B0973846-C892-37F5-A6F8-E2DE6B857789}.Debug|Win32.Build.0 = Debug|Win32
		{B0973846-C892-37F5-A6F8-E2DE6B857789}.Release|Win32.ActiveCfg = Release|Win32
		{B0973846-C892-37F5-A6F8-E2DE6B857789}.Release|Win32.Build.0 = Release|Win32
		{413B79B6-0F04-31A1-A5D9-4D9D11A6B965}.Debug|Win32.ActiveCfg = Debug|Win32
		{413B79B6-0F04-31A1-A5D9-4D9D11A6B965}.Debug|Win32.Build.0 = Debug|Win32
		{413B79B6-0F04-31A1-A5D9-4D9D11A6B965}.Release|Win32.ActiveCfg = Release|Win32
		{413B79B6-0F04-31A1-A5D9-4D9D11A6B965}.Release|Win32.Build.0 = Release|Win32
		{8D6FF8D3-E5C2-3150-9C9A-5E4CA55AA88F}.Debug|Win32.ActiveCfg = Debug|Win32
		{8D6FF8D3-E5C2-3150-9C9A-5E4CA55AA88F}.Debug|Win32.Build.0 = Debug|Win32
		{8D6FF8D3-E5C2-3150-9C9A-5E4CA55AA88F}.Release|Win32.ActiveCfg = Release|Win32
		{8D6FF8D3-E5C2-3150-9C9A-5E4CA55AA88F}.Release|Win32.Build.0 = Release|Win32
		{A743FEB8-8798-3B9E-BE2E-3493B95D2DA7}.Debug|Win32.ActiveCfg = Debug|Win32
		{A743FEB8-8798-3B9E-BE2E-3493B95D2DA7}.Debug|Win32.Build.0 = Debug|Win32
		{A743FEB8-8798-3B9E-BE2E-3493B95D2DA7}.Release|Win32.ActiveCfg = Release|Win32
		{A743FEB8-8798-3B9E-BE2E-3493B95D2DA7}.Release|Win32.Build.0 = Release|Win32
		{D3ED089A-8497-3F59-885E-6D687C6959A2}.Debug|Win32.ActiveCfg = Debug|Win32
		{D3ED089A-8497-3F59-885E-6D687C6959A2}.Debug|Win32.Build.0 = Debug|Win32
		{D3ED089A-8497-3F59-885E-6D687C6959A2}.Release|Win32.ActiveCfg = Release|Win32
		{D3ED089A-8497-3F59-885E-6D687C6959A2}.Release|Win32.Build.0 = Release|Win32
		{786DDFF8-D248-3413-99A2-524BE2AB103E}.Debug|Win32.ActiveCfg = Debug|Win32
		{786DDFF8-D248-3413-99A2-524BE2AB103E}.Debug|Win32.Build.0 = Debug|Win32
		{786DDFF8-D248-3413-99A2-524BE2AB103E}.Release|Win32.ActiveCfg = Release|Win32
		{786DDFF8-D248-3413-99A2-524BE2AB103E}.Release|Win32.Build.0 = Release|Win32
		{B40F7D6D-04A1-34F6-8BF1-F401BB734371}.Debug|Win32.ActiveCfg = Debug|Win32
		{B40F7D6D-04A1-34F6-8BF1-F401BB734371}.Debug|Win32.Build.0 = Debug|Win32
		{B40F7D6D-04A1-34F6-8BF1-F401BB734371}.Release|Win32.ActiveCfg = Release|Win32
		{B40F7D6D-04A1-34F6-8BF1-F401BB734371}.Release|Win32.Build.0 = Release|Win32
	EndGlobalSection
	GlobalSection(NestedProjects) = preSolution
		{5215B5A0-6CA0-30FE-A625-B83728A0E8E6} = {E8188EFA-4A45-3754-A489-6AF085AE879A}
		{FC212597-5AE9-3C2F-BCE0-CC21365CC3C3} = {E8188EFA-4A45-3754-A489-6AF085AE879A}
		{5E9A9A9D-3754-3E23-BE4E-A2923FBE489C} = {BB4BE72A-96CD-3D56-BEC9-51E38EDFE145}
		{BDB069A7-E210-3909-97DB-DA05B55B7D6D} = {BB4BE72A-96CD-3D56-BEC9-51E38EDFE145}
		{9145AABA-D7E2-3658-BA22-8E22A55E5865} = {BB4BE72A-96CD-3D56-BEC9-51E38EDFE145}
		{21D1781B-0BC7-31E0-8C80-FA9DA0F2DF34} = {BB4BE72A-96CD-3D56-BEC9-51E38EDFE145}
		{B0973846-C892-37F5-A6F8-E2DE6B857789} = {BB4BE72A-96CD-3D56-BEC9-51E38EDFE145}
		{413B79B6-0F04-31A1-A5D9-4D9D11A6B965} = {BB4BE72A-96CD-3D56-BEC9-51E38EDFE145}
		{8D6FF8D3-E5C2-3150-9C9A-5E4CA55AA88F} = {BB4BE72A-96CD-3D56-BEC9-51E38EDFE145}
		{A743FEB8-8798-3B9E-BE2E-3493B95D2DA7} = {BB4BE72A-96CD-3D56-BEC9-51E38EDFE145}
		{D3ED089A-8497-3F59-885E-6D687C6959A2} = {BB4BE72A-96CD-3D56-BEC9-51E38EDFE145}
		{786DDFF8-D248-3413-99A2-524BE2AB103E} = {BB4BE72A-96CD-3D56-BEC9-51E38EDFE145}
		{B40F7D6D-04A1-34F6-8BF1-F401BB734371} = {BB4BE72A-96CD-3D56-BEC9-51E38EDFE145}
		{4CB58127-9755-3E1B-96AD-498C9432C70B} = {0C308319-396D-3CC1-A6E9-E7B6A2375C80}
		{B6ADF6E6-4497-35B4-94A6-B176F85F864E} = {E7213081-D5BB-3778-8153-4339A6B93460}
	EndGlobalSection
	GlobalSection(ExtensibilityGlobals) = postSolution
		SolutionGuid = {C660C380-B6FD-3924-BA3E-578DAF7F2FA7}
	EndGlobalSection
	GlobalSection(ExtensibilityAddIns) = postSolution
	EndGlobalSection
EndGlobal
